// !$*UTF8*$!
{
	archiveVersion = 1;
	classes = {
	};
	objectVersion = 46;
	objects = {

/* Begin PBXBuildFile section */
		01E2555E1AC11AC10054D906 /* main.m in Sources */ = {isa = PBXBuildFile; fileRef = 01E2555D1AC11AC10054D906 /* main.m */; };
		01E255611AC11AC10054D906 /* AppDelegate.m in Sources */ = {isa = PBXBuildFile; fileRef = 01E255601AC11AC10054D906 /* AppDelegate.m */; };
		01E255641AC11AC10054D906 /* ViewController.m in Sources */ = {isa = PBXBuildFile; fileRef = 01E255631AC11AC10054D906 /* ViewController.m */; };
		01E255671AC11AC10054D906 /* Main.storyboard in Resources */ = {isa = PBXBuildFile; fileRef = 01E255651AC11AC10054D906 /* Main.storyboard */; };
		01E255691AC11AC10054D906 /* Images.xcassets in Resources */ = {isa = PBXBuildFile; fileRef = 01E255681AC11AC10054D906 /* Images.xcassets */; };
		01E2556C1AC11AC10054D906 /* LaunchScreen.xib in Resources */ = {isa = PBXBuildFile; fileRef = 01E2556A1AC11AC10054D906 /* LaunchScreen.xib */; };
		01E255781AC11AC10054D906 /* ReturnDEMOTests.m in Sources */ = {isa = PBXBuildFile; fileRef = 01E255771AC11AC10054D906 /* ReturnDEMOTests.m */; };
/* End PBXBuildFile section */

/* Begin PBXContainerItemProxy section */
		01E255721AC11AC10054D906 /* PBXContainerItemProxy */ = {
			isa = PBXContainerItemProxy;
			containerPortal = 01E255501AC11AC00054D906 /* Project object */;
			proxyType = 1;
			remoteGlobalIDString = 01E255571AC11AC00054D906;
			remoteInfo = ReturnDEMO;
		};
/* End PBXContainerItemProxy section */

/* Begin PBXFileReference section */
		01E255581AC11AC00054D906 /* ReturnDEMO.app */ = {isa = PBXFileReference; explicitFileType = wrapper.application; includeInIndex = 0; path = ReturnDEMO.app; sourceTree = BUILT_PRODUCTS_DIR; };
		01E2555C1AC11AC10054D906 /* Info.plist */ = {isa = PBXFileReference; lastKnownFileType = text.plist.xml; path = Info.plist; sourceTree = "<group>"; };
		01E2555D1AC11AC10054D906 /* main.m */ = {isa = PBXFileReference; lastKnownFileType = sourcecode.c.objc; path = main.m; sourceTree = "<group>"; };
		01E2555F1AC11AC10054D906 /* AppDelegate.h */ = {isa = PBXFileReference; lastKnownFileType = sourcecode.c.h; path = AppDelegate.h; sourceTree = "<group>"; };
		01E255601AC11AC10054D906 /* AppDelegate.m */ = {isa = PBXFileReference; lastKnownFileType = sourcecode.c.objc; path = AppDelegate.m; sourceTree = "<group>"; };
		01E255621AC11AC10054D906 /* ViewController.h */ = {isa = PBXFileReference; lastKnownFileType = sourcecode.c.h; path = ViewController.h; sourceTree = "<group>"; };
		01E255631AC11AC10054D906 /* ViewController.m */ = {isa = PBXFileReference; lastKnownFileType = sourcecode.c.objc; path = ViewController.m; sourceTree = "<group>"; };
		01E255661AC11AC10054D906 /* Base */ = {isa = PBXFileReference; lastKnownFileType = file.storyboard; name = Base; path = Base.lproj/Main.storyboard; sourceTree = "<group>"; };
		01E255681AC11AC10054D906 /* Images.xcassets */ = {isa = PBXFileReference; lastKnownFileType = folder.assetcatalog; path = Images.xcassets; sourceTree = "<group>"; };
		01E2556B1AC11AC10054D906 /* Base */ = {isa = PBXFileReference; lastKnownFileType = file.xib; name = Base; path = Base.lproj/LaunchScreen.xib; sourceTree = "<group>"; };
		01E255711AC11AC10054D906 /* ReturnDEMOTests.xctest */ = {isa = PBXFileReference; explicitFileType = wrapper.cfbundle; includeInIndex = 0; path = ReturnDEMOTests.xctest; sourceTree = BUILT_PRODUCTS_DIR; };
		01E255761AC11AC10054D906 /* Info.plist */ = {isa = PBXFileReference; lastKnownFileType = text.plist.xml; path = Info.plist; sourceTree = "<group>"; };
		01E255771AC11AC10054D906 /* ReturnDEMOTests.m */ = {isa = PBXFileReference; lastKnownFileType = sourcecode.c.objc; path = ReturnDEMOTests.m; sourceTree = "<group>"; };
/* End PBXFileReference section */

/* Begin PBXFrameworksBuildPhase section */
		01E255551AC11AC00054D906 /* Frameworks */ = {
			isa = PBXFrameworksBuildPhase;
			buildActionMask = 2147483647;
			files = (
			);
			runOnlyForDeploymentPostprocessing = 0;
		};
		01E2556E1AC11AC10054D906 /* Frameworks */ = {
			isa = PBXFrameworksBuildPhase;
			buildActionMask = 2147483647;
			files = (
			);
			runOnlyForDeploymentPostprocessing = 0;
		};
/* End PBXFrameworksBuildPhase section */

/* Begin PBXGroup section */
		01E2554F1AC11AC00054D906 = {
			isa = PBXGroup;
			children = (
				01E2555A1AC11AC00054D906 /* ReturnDEMO */,
				01E255741AC11AC10054D906 /* ReturnDEMOTests */,
				01E255591AC11AC00054D906 /* Products */,
			);
			sourceTree = "<group>";
		};
		01E255591AC11AC00054D906 /* Products */ = {
			isa = PBXGroup;
			children = (
				01E255581AC11AC00054D906 /* ReturnDEMO.app */,
				01E255711AC11AC10054D906 /* ReturnDEMOTests.xctest */,
			);
			name = Products;
			sourceTree = "<group>";
		};
		01E2555A1AC11AC00054D906 /* ReturnDEMO */ = {
			isa = PBXGroup;
			children = (
				01E2555F1AC11AC10054D906 /* AppDelegate.h */,
				01E255601AC11AC10054D906 /* AppDelegate.m */,
				01E255621AC11AC10054D906 /* ViewController.h */,
				01E255631AC11AC10054D906 /* ViewController.m */,
				01E255651AC11AC10054D906 /* Main.storyboard */,
				01E255681AC11AC10054D906 /* Images.xcassets */,
				01E2556A1AC11AC10054D906 /* LaunchScreen.xib */,
				01E2555B1AC11AC10054D906 /* Supporting Files */,
			);
			path = ReturnDEMO;
			sourceTree = "<group>";
		};
		01E2555B1AC11AC10054D906 /* Supporting Files */ = {
			isa = PBXGroup;
			children = (
				01E2555C1AC11AC10054D906 /* Info.plist */,
				01E2555D1AC11AC10054D906 /* main.m */,
			);
			name = "Supporting Files";
			sourceTree = "<group>";
		};
		01E255741AC11AC10054D906 /* ReturnDEMOTests */ = {
			isa = PBXGroup;
			children = (
				01E255771AC11AC10054D906 /* ReturnDEMOTests.m */,
				01E255751AC11AC10054D906 /* Supporting Files */,
			);
			path = ReturnDEMOTests;
			sourceTree = "<group>";
		};
		01E255751AC11AC10054D906 /* Supporting Files */ = {
			isa = PBXGroup;
			children = (
				01E255761AC11AC10054D906 /* Info.plist */,
			);
			name = "Supporting Files";
			sourceTree = "<group>";
		};
/* End PBXGroup section */

/* Begin PBXNativeTarget section */
		01E255571AC11AC00054D906 /* ReturnDEMO */ = {
			isa = PBXNativeTarget;
			buildConfigurationList = 01E2557B1AC11AC10054D906 /* Build configuration list for PBXNativeTarget "ReturnDEMO" */;
			buildPhases = (
				01E255541AC11AC00054D906 /* Sources */,
				01E255551AC11AC00054D906 /* Frameworks */,
				01E255561AC11AC00054D906 /* Resources */,
			);
			buildRules = (
			);
			dependencies = (
			);
			name = ReturnDEMO;
			productName = ReturnDEMO;
			productReference = 01E255581AC11AC00054D906 /* ReturnDEMO.app */;
			productType = "com.apple.product-type.application";
		};
		01E255701AC11AC10054D906 /* ReturnDEMOTests */ = {
			isa = PBXNativeTarget;
			buildConfigurationList = 01E2557E1AC11AC10054D906 /* Build configuration list for PBXNativeTarget "ReturnDEMOTests" */;
			buildPhases = (
				01E2556D1AC11AC10054D906 /* Sources */,
				01E2556E1AC11AC10054D906 /* Frameworks */,
				01E2556F1AC11AC10054D906 /* Resources */,
			);
			buildRules = (
			);
			dependencies = (
				01E255731AC11AC10054D906 /* PBXTargetDependency */,
			);
			name = ReturnDEMOTests;
			productName = ReturnDEMOTests;
			productReference = 01E255711AC11AC10054D906 /* ReturnDEMOTests.xctest */;
			productType = "com.apple.product-type.bundle.unit-test";
		};
/* End PBXNativeTarget section */

/* Begin PBXProject section */
		01E255501AC11AC00054D906 /* Project object */ = {
			isa = PBXProject;
			attributes = {
				LastUpgradeCheck = 0620;
				ORGANIZATIONNAME = jfl913;
				TargetAttributes = {
					01E255571AC11AC00054D906 = {
						CreatedOnToolsVersion = 6.2;
					};
					01E255701AC11AC10054D906 = {
						CreatedOnToolsVersion = 6.2;
						TestTargetID = 01E255571AC11AC00054D906;
					};
				};
			};
			buildConfigurationList = 01E255531AC11AC00054D906 /* Build configuration list for PBXProject "ReturnDEMO" */;
			compatibilityVersion = "Xcode 3.2";
			developmentRegion = English;
			hasScannedForEncodings = 0;
			knownRegions = (
				en,
				Base,
			);
			mainGroup = 01E2554F1AC11AC00054D906;
			productRefGroup = 01E255591AC11AC00054D906 /* Products */;
			projectDirPath = "";
			projectRoot = "";
			targets = (
				01E255571AC11AC00054D906 /* ReturnDEMO */,
				01E255701AC11AC10054D906 /* ReturnDEMOTests */,
			);
		};
/* End PBXProject section */

/* Begin PBXResourcesBuildPhase section */
		01E255561AC11AC00054D906 /* Resources */ = {
			isa = PBXResourcesBuildPhase;
			buildActionMask = 2147483647;
			files = (
				01E255671AC11AC10054D906 /* Main.storyboard in Resources */,
				01E2556C1AC11AC10054D906 /* LaunchScreen.xib in Resources */,
				01E255691AC11AC10054D906 /* Images.xcassets in Resources */,
			);
			runOnlyForDeploymentPostprocessing = 0;
		};
		01E2556F1AC11AC10054D906 /* Resources */ = {
			isa = PBXResourcesBuildPhase;
			buildActionMask = 2147483647;
			files = (
			);
			runOnlyForDeploymentPostprocessing = 0;
		};
/* End PBXResourcesBuildPhase section */

/* Begin PBXSourcesBuildPhase section */
		01E255541AC11AC00054D906 /* Sources */ = {
			isa = PBXSourcesBuildPhase;
			buildActionMask = 2147483647;
			files = (
				01E255641AC11AC10054D906 /* ViewController.m in Sources */,
				01E255611AC11AC10054D906 /* AppDelegate.m in Sources */,
				01E2555E1AC11AC10054D906 /* main.m in Sources */,
			);
			runOnlyForDeploymentPostprocessing = 0;
		};
		01E2556D1AC11AC10054D906 /* Sources */ = {
			isa = PBXSourcesBuildPhase;
			buildActionMask = 2147483647;
			files = (
				01E255781AC11AC10054D906 /* ReturnDEMOTests.m in Sources */,
			);
			runOnlyForDeploymentPostprocessing = 0;
		};
/* End PBXSourcesBuildPhase section */

/* Begin PBXTargetDependency section */
		01E255731AC11AC10054D906 /* PBXTargetDependency */ = {
			isa = PBXTargetDependency;
			target = 01E255571AC11AC00054D906 /* ReturnDEMO */;
			targetProxy = 01E255721AC11AC10054D906 /* PBXContainerItemProxy */;
		};
/* End PBXTargetDependency section */

/* Begin PBXVariantGroup section */
		01E255651AC11AC10054D906 /* Main.storyboard */ = {
			isa = PBXVariantGroup;
			children = (
				01E255661AC11AC10054D906 /* Base */,
			);
			name = Main.storyboard;
			sourceTree = "<group>";
		};
		01E2556A1AC11AC10054D906 /* LaunchScreen.xib */ = {
			isa = PBXVariantGroup;
			children = (
				01E2556B1AC11AC10054D906 /* Base */,
			);
			name = LaunchScreen.xib;
			sourceTree = "<group>";
		};
/* End PBXVariantGroup section */

/* Begin XCBuildConfiguration section */
		01E255791AC11AC10054D906 /* Debug */ = {
			isa = XCBuildConfiguration;
			buildSettings = {
				ALWAYS_SEARCH_USER_PATHS = NO;
				CLANG_CXX_LANGUAGE_STANDARD = "gnu++0x";
				CLANG_CXX_LIBRARY = "libc++";
				CLANG_ENABLE_MODULES = YES;
				CLANG_ENABLE_OBJC_ARC = YES;
				CLANG_WARN_BOOL_CONVERSION = YES;
				CLANG_WARN_CONSTANT_CONVERSION = YES;
				CLANG_WARN_DIRECT_OBJC_ISA_USAGE = YES_ERROR;
				CLANG_WARN_EMPTY_BODY = YES;
				CLANG_WARN_ENUM_CONVERSION = YES;
				CLANG_WARN_INT_CONVERSION = YES;
				CLANG_WARN_OBJC_ROOT_CLASS = YES_ERROR;
				CLANG_WARN_UNREACHABLE_CODE = YES;
				CLANG_WARN__DUPLICATE_METHOD_MATCH = YES;
				"CODE_SIGN_IDENTITY[sdk=iphoneos*]" = "iPhone Developer";
				COPY_PHASE_STRIP = NO;
				ENABLE_STRICT_OBJC_MSGSEND = YES;
				GCC_C_LANGUAGE_STANDARD = gnu99;
				GCC_DYNAMIC_NO_PIC = NO;
				GCC_OPTIMIZATION_LEVEL = 0;
				GCC_PREPROCESSOR_DEFINITIONS = (
					"DEBUG=1",
					"$(inherited)",
				);
				GCC_SYMBOLS_PRIVATE_EXTERN = NO;
				GCC_WARN_64_TO_32_BIT_CONVERSION = YES;
				GCC_WARN_ABOUT_RETURN_TYPE = YES_ERROR;
				GCC_WARN_UNDECLARED_SELECTOR = YES;
				GCC_WARN_UNINITIALIZED_AUTOS = YES_AGGRESSIVE;
				GCC_WARN_UNUSED_FUNCTION = YES;
				GCC_WARN_UNUSED_VARIABLE = YES;
				IPHONEOS_DEPLOYMENT_TARGET = 8.2;
				MTL_ENABLE_DEBUG_INFO = YES;
				ONLY_ACTIVE_ARCH = YES;
				SDKROOT = iphoneos;
			};
			name = Debug;
		};
		01E2557A1AC11AC10054D906 /* Release */ = {
			isa = XCBuildConfiguration;
			buildSettings = {
				ALWAYS_SEARCH_USER_PATHS = NO;
				CLANG_CXX_LANGUAGE_STANDARD = "gnu++0x";
				CLANG_CXX_LIBRARY = "libc++";
				CLANG_ENABLE_MODULES = YES;
				CLANG_ENABLE_OBJC_ARC = YES;
				CLANG_WARN_BOOL_CONVERSION = YES;
				CLANG_WARN_CONSTANT_CONVERSION = YES;
				CLANG_WARN_DIRECT_OBJC_ISA_USAGE = YES_ERROR;
				CLANG_WARN_EMPTY_BODY = YES;
				CLANG_WARN_ENUM_CONVERSION = YES;
				CLANG_WARN_INT_CONVERSION = YES;
				CLANG_WARN_OBJC_ROOT_CLASS = YES_ERROR;
				CLANG_WARN_UNREACHABLE_CODE = YES;
				CLANG_WARN__DUPLICATE_METHOD_MATCH = YES;
				"CODE_SIGN_IDENTITY[sdk=iphoneos*]" = "iPhone Developer";
				COPY_PHASE_STRIP = NO;
				ENABLE_NS_ASSERTIONS = NO;
				ENABLE_STRICT_OBJC_MSGSEND = YES;
				GCC_C_LANGUAGE_STANDARD = gnu99;
				GCC_WARN_64_TO_32_BIT_CONVERSION = YES;
				GCC_WARN_ABOUT_RETURN_TYPE = YES_ERROR;
				GCC_WARN_UNDECLARED_SELECTOR = YES;
				GCC_WARN_UNINITIALIZED_AUTOS = YES_AGGRESSIVE;
				GCC_WARN_UNUSED_FUNCTION = YES;
				GCC_WARN_UNUSED_VARIABLE = YES;
				IPHONEOS_DEPLOYMENT_TARGET = 8.2;
				MTL_ENABLE_DEBUG_INFO = NO;
				SDKROOT = iphoneos;
				VALIDATE_PRODUCT = YES;
			};
			name = Release;
		};
		01E2557C1AC11AC10054D906 /* Debug */ = {
			isa = XCBuildConfiguration;
			buildSettings = {
				ASSETCATALOG_COMPILER_APPICON_NAME = AppIcon;
				INFOPLIST_FILE = ReturnDEMO/Info.plist;
				LD_RUNPATH_SEARCH_PATHS = "$(inherited) @executable_path/Frameworks";
				PRODUCT_NAME = "$(TARGET_NAME)";
			};
			name = Debug;
		};
		01E2557D1AC11AC10054D906 /* Release */ = {
			isa = XCBuildConfiguration;
			buildSettings = {
				ASSETCATALOG_COMPILER_APPICON_NAME = AppIcon;
				INFOPLIST_FILE = ReturnDEMO/Info.plist;
				LD_RUNPATH_SEARCH_PATHS = "$(inherited) @executable_path/Frameworks";
				PRODUCT_NAME = "$(TARGET_NAME)";
			};
			name = Release;
		};
		01E2557F1AC11AC10054D906 /* Debug */ = {
			isa = XCBuildConfiguration;
			buildSettings = {
				BUNDLE_LOADER = "$(TEST_HOST)";
				FRAMEWORK_SEARCH_PATHS = (
					"$(SDKROOT)/Developer/Library/Frameworks",
					"$(inherited)",
				);
				GCC_PREPROCESSOR_DEFINITIONS = (
					"DEBUG=1",
					"$(inherited)",
				);
				INFOPLIST_FILE = ReturnDEMOTests/Info.plist;
				LD_RUNPATH_SEARCH_PATHS = "$(inherited) @executable_path/Frameworks @loader_path/Frameworks";
				PRODUCT_NAME = "$(TARGET_NAME)";
				TEST_HOST = "$(BUILT_PRODUCTS_DIR)/ReturnDEMO.app/ReturnDEMO";
			};
			name = Debug;
		};
		01E255801AC11AC10054D906 /* Release */ = {
			isa = XCBuildConfiguration;
			buildSettings = {
				BUNDLE_LOADER = "$(TEST_HOST)";
				FRAMEWORK_SEARCH_PATHS = (
					"$(SDKROOT)/Developer/Library/Frameworks",
					"$(inherited)",
				);
				INFOPLIST_FILE = ReturnDEMOTests/Info.plist;
				LD_RUNPATH_SEARCH_PATHS = "$(inherited) @executable_path/Frameworks @loader_path/Frameworks";
				PRODUCT_NAME = "$(TARGET_NAME)";
				TEST_HOST = "$(BUILT_PRODUCTS_DIR)/ReturnDEMO.app/ReturnDEMO";
			};
			name = Release;
		};
/* End XCBuildConfiguration section */

/* Begin XCConfigurationList section */
		01E255531AC11AC00054D906 /* Build configuration list for PBXProject "ReturnDEMO" */ = {
			isa = XCConfigurationList;
			buildConfigurations = (
				01E255791AC11AC10054D906 /* Debug */,
				01E2557A1AC11AC10054D906 /* Release */,
			);
			defaultConfigurationIsVisible = 0;
			defaultConfigurationName = Release;
		};
		01E2557B1AC11AC10054D906 /* Build configuration list for PBXNativeTarget "ReturnDEMO" */ = {
			isa = XCConfigurationList;
			buildConfigurations = (
				01E2557C1AC11AC10054D906 /* Debug */,
				01E2557D1AC11AC10054D906 /* Release */,
			);
			defaultConfigurationIsVisible = 0;
		};
		01E2557E1AC11AC10054D906 /* Build configuration list for PBXNativeTarget "ReturnDEMOTests" */ = {
			isa = XCConfigurationList;
			buildConfigurations = (
				01E2557F1AC11AC10054D906 /* Debug */,
				01E255801AC11AC10054D906 /* Release */,
			);
			defaultConfigurationIsVisible = 0;
		};
/* End XCConfigurationList section */
	};
	rootObject = 01E255501AC11AC00054D906 /* Project object */;
}
