// !$*UTF8*$!
{
	archiveVersion = 1;
	classes = {
	};
	objectVersion = 46;
	objects = {

/* Begin PBXBuildFile section */
		01866E391AAC239100DFFDCD /* main.m in Sources */ = {isa = PBXBuildFile; fileRef = 01866E381AAC239100DFFDCD /* main.m */; };
		01866E3C1AAC239100DFFDCD /* AppDelegate.m in Sources */ = {isa = PBXBuildFile; fileRef = 01866E3B1AAC239100DFFDCD /* AppDelegate.m */; };
		01866E421AAC239200DFFDCD /* Main.storyboard in Resources */ = {isa = PBXBuildFile; fileRef = 01866E401AAC239200DFFDCD /* Main.storyboard */; };
		01866E441AAC239200DFFDCD /* Images.xcassets in Resources */ = {isa = PBXBuildFile; fileRef = 01866E431AAC239200DFFDCD /* Images.xcassets */; };
		01866E471AAC239200DFFDCD /* LaunchScreen.xib in Resources */ = {isa = PBXBuildFile; fileRef = 01866E451AAC239200DFFDCD /* LaunchScreen.xib */; };
		01866E531AAC239200DFFDCD /* ClassicPhotosTests.m in Sources */ = {isa = PBXBuildFile; fileRef = 01866E521AAC239200DFFDCD /* ClassicPhotosTests.m */; };
		01866E5D1AAC243900DFFDCD /* CoreImage.framework in Frameworks */ = {isa = PBXBuildFile; fileRef = 01866E5C1AAC243900DFFDCD /* CoreImage.framework */; };
		01866E601AAC265C00DFFDCD /* ListViewController.m in Sources */ = {isa = PBXBuildFile; fileRef = 01866E5F1AAC265C00DFFDCD /* ListViewController.m */; };
/* End PBXBuildFile section */

/* Begin PBXContainerItemProxy section */
		01866E4D1AAC239200DFFDCD /* PBXContainerItemProxy */ = {
			isa = PBXContainerItemProxy;
			containerPortal = 01866E2B1AAC239100DFFDCD /* Project object */;
			proxyType = 1;
			remoteGlobalIDString = 01866E321AAC239100DFFDCD;
			remoteInfo = ClassicPhotos;
		};
/* End PBXContainerItemProxy section */

/* Begin PBXFileReference section */
		01866E331AAC239100DFFDCD /* ClassicPhotos.app */ = {isa = PBXFileReference; explicitFileType = wrapper.application; includeInIndex = 0; path = ClassicPhotos.app; sourceTree = BUILT_PRODUCTS_DIR; };
		01866E371AAC239100DFFDCD /* Info.plist */ = {isa = PBXFileReference; lastKnownFileType = text.plist.xml; path = Info.plist; sourceTree = "<group>"; };
		01866E381AAC239100DFFDCD /* main.m */ = {isa = PBXFileReference; lastKnownFileType = sourcecode.c.objc; path = main.m; sourceTree = "<group>"; };
		01866E3A1AAC239100DFFDCD /* AppDelegate.h */ = {isa = PBXFileReference; lastKnownFileType = sourcecode.c.h; path = AppDelegate.h; sourceTree = "<group>"; };
		01866E3B1AAC239100DFFDCD /* AppDelegate.m */ = {isa = PBXFileReference; lastKnownFileType = sourcecode.c.objc; path = AppDelegate.m; sourceTree = "<group>"; };
		01866E411AAC239200DFFDCD /* Base */ = {isa = PBXFileReference; lastKnownFileType = file.storyboard; name = Base; path = Base.lproj/Main.storyboard; sourceTree = "<group>"; };
		01866E431AAC239200DFFDCD /* Images.xcassets */ = {isa = PBXFileReference; lastKnownFileType = folder.assetcatalog; path = Images.xcassets; sourceTree = "<group>"; };
		01866E461AAC239200DFFDCD /* Base */ = {isa = PBXFileReference; lastKnownFileType = file.xib; name = Base; path = Base.lproj/LaunchScreen.xib; sourceTree = "<group>"; };
		01866E4C1AAC239200DFFDCD /* ClassicPhotosTests.xctest */ = {isa = PBXFileReference; explicitFileType = wrapper.cfbundle; includeInIndex = 0; path = ClassicPhotosTests.xctest; sourceTree = BUILT_PRODUCTS_DIR; };
		01866E511AAC239200DFFDCD /* Info.plist */ = {isa = PBXFileReference; lastKnownFileType = text.plist.xml; path = Info.plist; sourceTree = "<group>"; };
		01866E521AAC239200DFFDCD /* ClassicPhotosTests.m */ = {isa = PBXFileReference; lastKnownFileType = sourcecode.c.objc; path = ClassicPhotosTests.m; sourceTree = "<group>"; };
		01866E5C1AAC243900DFFDCD /* CoreImage.framework */ = {isa = PBXFileReference; lastKnownFileType = wrapper.framework; name = CoreImage.framework; path = System/Library/Frameworks/CoreImage.framework; sourceTree = SDKROOT; };
		01866E5E1AAC265C00DFFDCD /* ListViewController.h */ = {isa = PBXFileReference; fileEncoding = 4; lastKnownFileType = sourcecode.c.h; path = ListViewController.h; sourceTree = "<group>"; };
		01866E5F1AAC265C00DFFDCD /* ListViewController.m */ = {isa = PBXFileReference; fileEncoding = 4; lastKnownFileType = sourcecode.c.objc; path = ListViewController.m; sourceTree = "<group>"; };
/* End PBXFileReference section */

/* Begin PBXFrameworksBuildPhase section */
		01866E301AAC239100DFFDCD /* Frameworks */ = {
			isa = PBXFrameworksBuildPhase;
			buildActionMask = 2147483647;
			files = (
				01866E5D1AAC243900DFFDCD /* CoreImage.framework in Frameworks */,
			);
			runOnlyForDeploymentPostprocessing = 0;
		};
		01866E491AAC239200DFFDCD /* Frameworks */ = {
			isa = PBXFrameworksBuildPhase;
			buildActionMask = 2147483647;
			files = (
			);
			runOnlyForDeploymentPostprocessing = 0;
		};
/* End PBXFrameworksBuildPhase section */

/* Begin PBXGroup section */
		01866E2A1AAC239100DFFDCD = {
			isa = PBXGroup;
			children = (
				01866E5C1AAC243900DFFDCD /* CoreImage.framework */,
				01866E351AAC239100DFFDCD /* ClassicPhotos */,
				01866E4F1AAC239200DFFDCD /* ClassicPhotosTests */,
				01866E341AAC239100DFFDCD /* Products */,
			);
			sourceTree = "<group>";
		};
		01866E341AAC239100DFFDCD /* Products */ = {
			isa = PBXGroup;
			children = (
				01866E331AAC239100DFFDCD /* ClassicPhotos.app */,
				01866E4C1AAC239200DFFDCD /* ClassicPhotosTests.xctest */,
			);
			name = Products;
			sourceTree = "<group>";
		};
		01866E351AAC239100DFFDCD /* ClassicPhotos */ = {
			isa = PBXGroup;
			children = (
				01866E3A1AAC239100DFFDCD /* AppDelegate.h */,
				01866E3B1AAC239100DFFDCD /* AppDelegate.m */,
				01866E401AAC239200DFFDCD /* Main.storyboard */,
				01866E5E1AAC265C00DFFDCD /* ListViewController.h */,
				01866E5F1AAC265C00DFFDCD /* ListViewController.m */,
				01866E431AAC239200DFFDCD /* Images.xcassets */,
				01866E451AAC239200DFFDCD /* LaunchScreen.xib */,
				01866E361AAC239100DFFDCD /* Supporting Files */,
			);
			path = ClassicPhotos;
			sourceTree = "<group>";
		};
		01866E361AAC239100DFFDCD /* Supporting Files */ = {
			isa = PBXGroup;
			children = (
				01866E371AAC239100DFFDCD /* Info.plist */,
				01866E381AAC239100DFFDCD /* main.m */,
			);
			name = "Supporting Files";
			sourceTree = "<group>";
		};
		01866E4F1AAC239200DFFDCD /* ClassicPhotosTests */ = {
			isa = PBXGroup;
			children = (
				01866E521AAC239200DFFDCD /* ClassicPhotosTests.m */,
				01866E501AAC239200DFFDCD /* Supporting Files */,
			);
			path = ClassicPhotosTests;
			sourceTree = "<group>";
		};
		01866E501AAC239200DFFDCD /* Supporting Files */ = {
			isa = PBXGroup;
			children = (
				01866E511AAC239200DFFDCD /* Info.plist */,
			);
			name = "Supporting Files";
			sourceTree = "<group>";
		};
/* End PBXGroup section */

/* Begin PBXNativeTarget section */
		01866E321AAC239100DFFDCD /* ClassicPhotos */ = {
			isa = PBXNativeTarget;
			buildConfigurationList = 01866E561AAC239200DFFDCD /* Build configuration list for PBXNativeTarget "ClassicPhotos" */;
			buildPhases = (
				01866E2F1AAC239100DFFDCD /* Sources */,
				01866E301AAC239100DFFDCD /* Frameworks */,
				01866E311AAC239100DFFDCD /* Resources */,
			);
			buildRules = (
			);
			dependencies = (
			);
			name = ClassicPhotos;
			productName = ClassicPhotos;
			productReference = 01866E331AAC239100DFFDCD /* ClassicPhotos.app */;
			productType = "com.apple.product-type.application";
		};
		01866E4B1AAC239200DFFDCD /* ClassicPhotosTests */ = {
			isa = PBXNativeTarget;
			buildConfigurationList = 01866E591AAC239200DFFDCD /* Build configuration list for PBXNativeTarget "ClassicPhotosTests" */;
			buildPhases = (
				01866E481AAC239200DFFDCD /* Sources */,
				01866E491AAC239200DFFDCD /* Frameworks */,
				01866E4A1AAC239200DFFDCD /* Resources */,
			);
			buildRules = (
			);
			dependencies = (
				01866E4E1AAC239200DFFDCD /* PBXTargetDependency */,
			);
			name = ClassicPhotosTests;
			productName = ClassicPhotosTests;
			productReference = 01866E4C1AAC239200DFFDCD /* ClassicPhotosTests.xctest */;
			productType = "com.apple.product-type.bundle.unit-test";
		};
/* End PBXNativeTarget section */

/* Begin PBXProject section */
		01866E2B1AAC239100DFFDCD /* Project object */ = {
			isa = PBXProject;
			attributes = {
				LastUpgradeCheck = 0610;
				ORGANIZATIONNAME = jfl913;
				TargetAttributes = {
					01866E321AAC239100DFFDCD = {
						CreatedOnToolsVersion = 6.1.1;
					};
					01866E4B1AAC239200DFFDCD = {
						CreatedOnToolsVersion = 6.1.1;
						TestTargetID = 01866E321AAC239100DFFDCD;
					};
				};
			};
			buildConfigurationList = 01866E2E1AAC239100DFFDCD /* Build configuration list for PBXProject "ClassicPhotos" */;
			compatibilityVersion = "Xcode 3.2";
			developmentRegion = English;
			hasScannedForEncodings = 0;
			knownRegions = (
				en,
				Base,
			);
			mainGroup = 01866E2A1AAC239100DFFDCD;
			productRefGroup = 01866E341AAC239100DFFDCD /* Products */;
			projectDirPath = "";
			projectRoot = "";
			targets = (
				01866E321AAC239100DFFDCD /* ClassicPhotos */,
				01866E4B1AAC239200DFFDCD /* ClassicPhotosTests */,
			);
		};
/* End PBXProject section */

/* Begin PBXResourcesBuildPhase section */
		01866E311AAC239100DFFDCD /* Resources */ = {
			isa = PBXResourcesBuildPhase;
			buildActionMask = 2147483647;
			files = (
				01866E421AAC239200DFFDCD /* Main.storyboard in Resources */,
				01866E471AAC239200DFFDCD /* LaunchScreen.xib in Resources */,
				01866E441AAC239200DFFDCD /* Images.xcassets in Resources */,
			);
			runOnlyForDeploymentPostprocessing = 0;
		};
		01866E4A1AAC239200DFFDCD /* Resources */ = {
			isa = PBXResourcesBuildPhase;
			buildActionMask = 2147483647;
			files = (
			);
			runOnlyForDeploymentPostprocessing = 0;
		};
/* End PBXResourcesBuildPhase section */

/* Begin PBXSourcesBuildPhase section */
		01866E2F1AAC239100DFFDCD /* Sources */ = {
			isa = PBXSourcesBuildPhase;
			buildActionMask = 2147483647;
			files = (
				01866E3C1AAC239100DFFDCD /* AppDelegate.m in Sources */,
				01866E391AAC239100DFFDCD /* main.m in Sources */,
				01866E601AAC265C00DFFDCD /* ListViewController.m in Sources */,
			);
			runOnlyForDeploymentPostprocessing = 0;
		};
		01866E481AAC239200DFFDCD /* Sources */ = {
			isa = PBXSourcesBuildPhase;
			buildActionMask = 2147483647;
			files = (
				01866E531AAC239200DFFDCD /* ClassicPhotosTests.m in Sources */,
			);
			runOnlyForDeploymentPostprocessing = 0;
		};
/* End PBXSourcesBuildPhase section */

/* Begin PBXTargetDependency section */
		01866E4E1AAC239200DFFDCD /* PBXTargetDependency */ = {
			isa = PBXTargetDependency;
			target = 01866E321AAC239100DFFDCD /* ClassicPhotos */;
			targetProxy = 01866E4D1AAC239200DFFDCD /* PBXContainerItemProxy */;
		};
/* End PBXTargetDependency section */

/* Begin PBXVariantGroup section */
		01866E401AAC239200DFFDCD /* Main.storyboard */ = {
			isa = PBXVariantGroup;
			children = (
				01866E411AAC239200DFFDCD /* Base */,
			);
			name = Main.storyboard;
			sourceTree = "<group>";
		};
		01866E451AAC239200DFFDCD /* LaunchScreen.xib */ = {
			isa = PBXVariantGroup;
			children = (
				01866E461AAC239200DFFDCD /* Base */,
			);
			name = LaunchScreen.xib;
			sourceTree = "<group>";
		};
/* End PBXVariantGroup section */

/* Begin XCBuildConfiguration section */
		01866E541AAC239200DFFDCD /* Debug */ = {
			isa = XCBuildConfiguration;
			buildSettings = {
				ALWAYS_SEARCH_USER_PATHS = NO;
				CLANG_CXX_LANGUAGE_STANDARD = "gnu++0x";
				CLANG_CXX_LIBRARY = "libc++";
				CLANG_ENABLE_MODULES = YES;
				CLANG_ENABLE_OBJC_ARC = YES;
				CLANG_WARN_BOOL_CONVERSION = YES;
				CLANG_WARN_CONSTANT_CONVERSION = YES;
				CLANG_WARN_DIRECT_OBJC_ISA_USAGE = YES_ERROR;
				CLANG_WARN_EMPTY_BODY = YES;
				CLANG_WARN_ENUM_CONVERSION = YES;
				CLANG_WARN_INT_CONVERSION = YES;
				CLANG_WARN_OBJC_ROOT_CLASS = YES_ERROR;
				CLANG_WARN_UNREACHABLE_CODE = YES;
				CLANG_WARN__DUPLICATE_METHOD_MATCH = YES;
				"CODE_SIGN_IDENTITY[sdk=iphoneos*]" = "iPhone Developer";
				COPY_PHASE_STRIP = NO;
				ENABLE_STRICT_OBJC_MSGSEND = YES;
				GCC_C_LANGUAGE_STANDARD = gnu99;
				GCC_DYNAMIC_NO_PIC = NO;
				GCC_OPTIMIZATION_LEVEL = 0;
				GCC_PREPROCESSOR_DEFINITIONS = (
					"DEBUG=1",
					"$(inherited)",
				);
				GCC_SYMBOLS_PRIVATE_EXTERN = NO;
				GCC_WARN_64_TO_32_BIT_CONVERSION = YES;
				GCC_WARN_ABOUT_RETURN_TYPE = YES_ERROR;
				GCC_WARN_UNDECLARED_SELECTOR = YES;
				GCC_WARN_UNINITIALIZED_AUTOS = YES_AGGRESSIVE;
				GCC_WARN_UNUSED_FUNCTION = YES;
				GCC_WARN_UNUSED_VARIABLE = YES;
				IPHONEOS_DEPLOYMENT_TARGET = 8.1;
				MTL_ENABLE_DEBUG_INFO = YES;
				ONLY_ACTIVE_ARCH = YES;
				SDKROOT = iphoneos;
			};
			name = Debug;
		};
		01866E551AAC239200DFFDCD /* Release */ = {
			isa = XCBuildConfiguration;
			buildSettings = {
				ALWAYS_SEARCH_USER_PATHS = NO;
				CLANG_CXX_LANGUAGE_STANDARD = "gnu++0x";
				CLANG_CXX_LIBRARY = "libc++";
				CLANG_ENABLE_MODULES = YES;
				CLANG_ENABLE_OBJC_ARC = YES;
				CLANG_WARN_BOOL_CONVERSION = YES;
				CLANG_WARN_CONSTANT_CONVERSION = YES;
				CLANG_WARN_DIRECT_OBJC_ISA_USAGE = YES_ERROR;
				CLANG_WARN_EMPTY_BODY = YES;
				CLANG_WARN_ENUM_CONVERSION = YES;
				CLANG_WARN_INT_CONVERSION = YES;
				CLANG_WARN_OBJC_ROOT_CLASS = YES_ERROR;
				CLANG_WARN_UNREACHABLE_CODE = YES;
				CLANG_WARN__DUPLICATE_METHOD_MATCH = YES;
				"CODE_SIGN_IDENTITY[sdk=iphoneos*]" = "iPhone Developer";
				COPY_PHASE_STRIP = YES;
				ENABLE_NS_ASSERTIONS = NO;
				ENABLE_STRICT_OBJC_MSGSEND = YES;
				GCC_C_LANGUAGE_STANDARD = gnu99;
				GCC_WARN_64_TO_32_BIT_CONVERSION = YES;
				GCC_WARN_ABOUT_RETURN_TYPE = YES_ERROR;
				GCC_WARN_UNDECLARED_SELECTOR = YES;
				GCC_WARN_UNINITIALIZED_AUTOS = YES_AGGRESSIVE;
				GCC_WARN_UNUSED_FUNCTION = YES;
				GCC_WARN_UNUSED_VARIABLE = YES;
				IPHONEOS_DEPLOYMENT_TARGET = 8.1;
				MTL_ENABLE_DEBUG_INFO = NO;
				SDKROOT = iphoneos;
				VALIDATE_PRODUCT = YES;
			};
			name = Release;
		};
		01866E571AAC239200DFFDCD /* Debug */ = {
			isa = XCBuildConfiguration;
			buildSettings = {
				ASSETCATALOG_COMPILER_APPICON_NAME = AppIcon;
				INFOPLIST_FILE = ClassicPhotos/Info.plist;
				LD_RUNPATH_SEARCH_PATHS = "$(inherited) @executable_path/Frameworks";
				PRODUCT_NAME = "$(TARGET_NAME)";
				TARGETED_DEVICE_FAMILY = "1,2";
			};
			name = Debug;
		};
		01866E581AAC239200DFFDCD /* Release */ = {
			isa = XCBuildConfiguration;
			buildSettings = {
				ASSETCATALOG_COMPILER_APPICON_NAME = AppIcon;
				INFOPLIST_FILE = ClassicPhotos/Info.plist;
				LD_RUNPATH_SEARCH_PATHS = "$(inherited) @executable_path/Frameworks";
				PRODUCT_NAME = "$(TARGET_NAME)";
				TARGETED_DEVICE_FAMILY = "1,2";
			};
			name = Release;
		};
		01866E5A1AAC239200DFFDCD /* Debug */ = {
			isa = XCBuildConfiguration;
			buildSettings = {
				BUNDLE_LOADER = "$(TEST_HOST)";
				FRAMEWORK_SEARCH_PATHS = (
					"$(SDKROOT)/Developer/Library/Frameworks",
					"$(inherited)",
				);
				GCC_PREPROCESSOR_DEFINITIONS = (
					"DEBUG=1",
					"$(inherited)",
				);
				INFOPLIST_FILE = ClassicPhotosTests/Info.plist;
				LD_RUNPATH_SEARCH_PATHS = "$(inherited) @executable_path/Frameworks @loader_path/Frameworks";
				PRODUCT_NAME = "$(TARGET_NAME)";
				TEST_HOST = "$(BUILT_PRODUCTS_DIR)/ClassicPhotos.app/ClassicPhotos";
			};
			name = Debug;
		};
		01866E5B1AAC239200DFFDCD /* Release */ = {
			isa = XCBuildConfiguration;
			buildSettings = {
				BUNDLE_LOADER = "$(TEST_HOST)";
				FRAMEWORK_SEARCH_PATHS = (
					"$(SDKROOT)/Developer/Library/Frameworks",
					"$(inherited)",
				);
				INFOPLIST_FILE = ClassicPhotosTests/Info.plist;
				LD_RUNPATH_SEARCH_PATHS = "$(inherited) @executable_path/Frameworks @loader_path/Frameworks";
				PRODUCT_NAME = "$(TARGET_NAME)";
				TEST_HOST = "$(BUILT_PRODUCTS_DIR)/ClassicPhotos.app/ClassicPhotos";
			};
			name = Release;
		};
/* End XCBuildConfiguration section */

/* Begin XCConfigurationList section */
		01866E2E1AAC239100DFFDCD /* Build configuration list for PBXProject "ClassicPhotos" */ = {
			isa = XCConfigurationList;
			buildConfigurations = (
				01866E541AAC239200DFFDCD /* Debug */,
				01866E551AAC239200DFFDCD /* Release */,
			);
			defaultConfigurationIsVisible = 0;
			defaultConfigurationName = Release;
		};
		01866E561AAC239200DFFDCD /* Build configuration list for PBXNativeTarget "ClassicPhotos" */ = {
			isa = XCConfigurationList;
			buildConfigurations = (
				01866E571AAC239200DFFDCD /* Debug */,
				01866E581AAC239200DFFDCD /* Release */,
			);
			defaultConfigurationIsVisible = 0;
		};
		01866E591AAC239200DFFDCD /* Build configuration list for PBXNativeTarget "ClassicPhotosTests" */ = {
			isa = XCConfigurationList;
			buildConfigurations = (
				01866E5A1AAC239200DFFDCD /* Debug */,
				01866E5B1AAC239200DFFDCD /* Release */,
			);
			defaultConfigurationIsVisible = 0;
		};
/* End XCConfigurationList section */
	};
	rootObject = 01866E2B1AAC239100DFFDCD /* Project object */;
}
